
Microsoft Visual Studio Solution File, Format Version 12.00
# Visual Studio Version 17
VisualStudioVersion = 17.4.33403.182
MinimumVisualStudioVersion = 10.0.40219.1
Project("{9A19103F-16F7-4668-BE54-9A1E7A4F7556}") = "PatientMs", "patient\PatientMs.csproj", "{0FDF504F-E651-472B-86D5-6CF8CC0B9B85}"
EndProject
Project("{9A19103F-16F7-4668-BE54-9A1E7A4F7556}") = "PatientMsTests", "PatientMsTests\PatientMsTests.csproj", "{ADB356CB-4E30-458A-B530-3B13C9EC939D}"
EndProject
Global
	GlobalSection(SolutionConfigurationPlatforms) = preSolution
		Debug|Any CPU = Debug|Any CPU
		Release|Any CPU = Release|Any CPU
	EndGlobalSection
	GlobalSection(ProjectConfigurationPlatforms) = postSolution
		{0FDF504F-E651-472B-86D5-6CF8CC0B9B85}.Debug|Any CPU.ActiveCfg = Debug|Any CPU
		{0FDF504F-E651-472B-86D5-6CF8CC0B9B85}.Debug|Any CPU.Build.0 = Debug|Any CPU
		{0FDF504F-E651-472B-86D5-6CF8CC0B9B85}.Release|Any CPU.ActiveCfg = Release|Any CPU
		{0FDF504F-E651-472B-86D5-6CF8CC0B9B85}.Release|Any CPU.Build.0 = Release|Any CPU
		{ADB356CB-4E30-458A-B530-3B13C9EC939D}.Debug|Any CPU.ActiveCfg = Debug|Any CPU
		{ADB356CB-4E30-458A-B530-3B13C9EC939D}.Debug|Any CPU.Build.0 = Debug|Any CPU
		{ADB356CB-4E30-458A-B530-3B13C9EC939D}.Release|Any CPU.ActiveCfg = Release|Any CPU
		{ADB356CB-4E30-458A-B530-3B13C9EC939D}.Release|Any CPU.Build.0 = Release|Any CPU
	EndGlobalSection
	GlobalSection(SolutionProperties) = preSolution
		HideSolutionNode = FALSE
	EndGlobalSection
	GlobalSection(ExtensibilityGlobals) = postSolution
		SolutionGuid = {D68A28BA-E025-4291-90DD-842F2667056F}
	EndGlobalSection
EndGlobal
